
Microsoft Visual Studio Solution File, Format Version 12.00
# Visual Studio 15
VisualStudioVersion = 15.0.28010.2003
MinimumVisualStudioVersion = 10.0.40219.1
Project("{FAE04EC0-301F-11D3-BF4B-00C04F79EFBC}") = "TheNorthwoodSuite-FovChanger", "TheNorthwoodSuite-FovChanger\TheNorthwoodSuite-FovChanger.csproj", "{9AD49E0F-50DB-46D9-A1A4-14A9A5B2251A}"
EndProject
Global
	GlobalSection(SolutionConfigurationPlatforms) = preSolution
		Debug|Any CPU = Debug|Any CPU
		Release|Any CPU = Release|Any CPU
	EndGlobalSection
	GlobalSection(ProjectConfigurationPlatforms) = postSolution
		{9AD49E0F-50DB-46D9-A1A4-14A9A5B2251A}.Debug|Any CPU.ActiveCfg = Debug|Any CPU
		{9AD49E0F-50DB-46D9-A1A4-14A9A5B2251A}.Debug|Any CPU.Build.0 = Debug|Any CPU
		{9AD49E0F-50DB-46D9-A1A4-14A9A5B2251A}.Release|Any CPU.ActiveCfg = Release|Any CPU
		{9AD49E0F-50DB-46D9-A1A4-14A9A5B2251A}.Release|Any CPU.Build.0 = Release|Any CPU
	EndGlobalSection
	GlobalSection(SolutionProperties) = preSolution
		HideSolutionNode = FALSE
	EndGlobalSection
	GlobalSection(ExtensibilityGlobals) = postSolution
		SolutionGuid = {03BE1A6E-AB2D-4EC4-927F-0F547706740D}
	EndGlobalSection
EndGlobal
